
Microsoft Visual Studio Solution File, Format Version 12.00
# Visual Studio Version 17
VisualStudioVersion = 17.13.35828.75
MinimumVisualStudioVersion = 10.0.40219.1
Project("{2150E333-8FDC-42A3-9474-1A3956D46DE8}") = "Microservices", "Microservices", "{02EA681E-C7D8-13C7-8484-4AC65E1B71E8}"
EndProject
Project("{FAE04EC0-301F-11D3-BF4B-00C04F79EFBC}") = "Product.Microservice", "Product.Microservice\Product.Microservice.csproj", "{A53353C6-AAA4-4D9F-8B18-88CB9C405980}"
EndProject
Project("{FAE04EC0-301F-11D3-BF4B-00C04F79EFBC}") = "Auth.Microservice", "Auth.Microservice\Auth.Microservice.csproj", "{54458E70-E32A-41DA-BC9E-2CE43A89E564}"
EndProject
Project("{FAE04EC0-301F-11D3-BF4B-00C04F79EFBC}") = "Gateway.WebApi", "Gateway.WebApi\Gateway.WebApi.csproj", "{C8D31CB8-0623-4316-A6F1-9FBF2A518290}"
EndProject
Global
	GlobalSection(SolutionConfigurationPlatforms) = preSolution
		Debug|Any CPU = Debug|Any CPU
		Release|Any CPU = Release|Any CPU
	EndGlobalSection
	GlobalSection(ProjectConfigurationPlatforms) = postSolution
		{A53353C6-AAA4-4D9F-8B18-88CB9C405980}.Debug|Any CPU.ActiveCfg = Debug|Any CPU
		{A53353C6-AAA4-4D9F-8B18-88CB9C405980}.Debug|Any CPU.Build.0 = Debug|Any CPU
		{A53353C6-AAA4-4D9F-8B18-88CB9C405980}.Release|Any CPU.ActiveCfg = Release|Any CPU
		{A53353C6-AAA4-4D9F-8B18-88CB9C405980}.Release|Any CPU.Build.0 = Release|Any CPU
		{54458E70-E32A-41DA-BC9E-2CE43A89E564}.Debug|Any CPU.ActiveCfg = Debug|Any CPU
		{54458E70-E32A-41DA-BC9E-2CE43A89E564}.Debug|Any CPU.Build.0 = Debug|Any CPU
		{54458E70-E32A-41DA-BC9E-2CE43A89E564}.Release|Any CPU.ActiveCfg = Release|Any CPU
		{54458E70-E32A-41DA-BC9E-2CE43A89E564}.Release|Any CPU.Build.0 = Release|Any CPU
		{C8D31CB8-0623-4316-A6F1-9FBF2A518290}.Debug|Any CPU.ActiveCfg = Debug|Any CPU
		{C8D31CB8-0623-4316-A6F1-9FBF2A518290}.Debug|Any CPU.Build.0 = Debug|Any CPU
		{C8D31CB8-0623-4316-A6F1-9FBF2A518290}.Release|Any CPU.ActiveCfg = Release|Any CPU
		{C8D31CB8-0623-4316-A6F1-9FBF2A518290}.Release|Any CPU.Build.0 = Release|Any CPU
	EndGlobalSection
	GlobalSection(SolutionProperties) = preSolution
		HideSolutionNode = FALSE
	EndGlobalSection
	GlobalSection(NestedProjects) = preSolution
		{A53353C6-AAA4-4D9F-8B18-88CB9C405980} = {02EA681E-C7D8-13C7-8484-4AC65E1B71E8}
		{54458E70-E32A-41DA-BC9E-2CE43A89E564} = {02EA681E-C7D8-13C7-8484-4AC65E1B71E8}
	EndGlobalSection
	GlobalSection(ExtensibilityGlobals) = postSolution
		SolutionGuid = {EB058C9E-7CF0-4593-9C76-B517D3AD7695}
	EndGlobalSection
EndGlobal
